
Microsoft Visual Studio Solution File, Format Version 12.00
# Visual Studio Version 16
VisualStudioVersion = 16.0.30011.22
MinimumVisualStudioVersion = 10.0.40219.1
Project("{FAE04EC0-301F-11D3-BF4B-00C04F79EFBC}") = "DungeonsAndDungeons", "DungeonsAndDungeons.csproj", "{4581F01A-1369-4162-AEAD-6A5CA3B9A122}"
EndProject
Project("{2150E333-8FDC-42A3-9474-1A3956D46DE8}") = "Solution Items", "Solution Items", "{EECD1925-C40D-4B4A-BCE8-266FA0DE5460}"
	ProjectSection(SolutionItems) = preProject
		.editorconfig = .editorconfig
	EndProjectSection
EndProject
Global
	GlobalSection(SolutionConfigurationPlatforms) = preSolution
		Debug|Any CPU = Debug|Any CPU
		Release|Any CPU = Release|Any CPU
	EndGlobalSection
	GlobalSection(ProjectConfigurationPlatforms) = postSolution
		{4581F01A-1369-4162-AEAD-6A5CA3B9A122}.Debug|Any CPU.ActiveCfg = Debug|Any CPU
		{4581F01A-1369-4162-AEAD-6A5CA3B9A122}.Debug|Any CPU.Build.0 = Debug|Any CPU
		{4581F01A-1369-4162-AEAD-6A5CA3B9A122}.Release|Any CPU.ActiveCfg = Release|Any CPU
		{4581F01A-1369-4162-AEAD-6A5CA3B9A122}.Release|Any CPU.Build.0 = Release|Any CPU
	EndGlobalSection
	GlobalSection(SolutionProperties) = preSolution
		HideSolutionNode = FALSE
	EndGlobalSection
	GlobalSection(ExtensibilityGlobals) = postSolution
		SolutionGuid = {109F5246-72C6-4294-9CD7-93FF0B5645D1}
	EndGlobalSection
EndGlobal
